// !$*UTF8*$!
{
	archiveVersion = 1;
	classes = {
	};
	objectVersion = 50;
	objects = {

/* Begin PBXBuildFile section */
		2AEE9161225FA275004ACB86 /* SKScene.swift in Sources */ = {isa = PBXBuildFile; fileRef = 2AEE9160225FA275004ACB86 /* SKScene.swift */; };
		2AF58827225D0DE200F4ED32 /* AppDelegate.swift in Sources */ = {isa = PBXBuildFile; fileRef = 2AF58826225D0DE200F4ED32 /* AppDelegate.swift */; };
		2AF58829225D0DE200F4ED32 /* ViewController.swift in Sources */ = {isa = PBXBuildFile; fileRef = 2AF58828225D0DE200F4ED32 /* ViewController.swift */; };
		2AF5882C225D0DE200F4ED32 /* Main.storyboard in Resources */ = {isa = PBXBuildFile; fileRef = 2AF5882A225D0DE200F4ED32 /* Main.storyboard */; };
		2AF5882F225D0DE200F4ED32 /* ticTacToe_Dodson.xcdatamodeld in Sources */ = {isa = PBXBuildFile; fileRef = 2AF5882D225D0DE200F4ED32 /* ticTacToe_Dodson.xcdatamodeld */; };
		2AF58831225D0DE200F4ED32 /* Assets.xcassets in Resources */ = {isa = PBXBuildFile; fileRef = 2AF58830225D0DE200F4ED32 /* Assets.xcassets */; };
		2AF58834225D0DE200F4ED32 /* LaunchScreen.storyboard in Resources */ = {isa = PBXBuildFile; fileRef = 2AF58832225D0DE200F4ED32 /* LaunchScreen.storyboard */; };
		2AF5883C225D4A2E00F4ED32 /* Gem.sks in Resources */ = {isa = PBXBuildFile; fileRef = 2AF5883B225D4A2E00F4ED32 /* Gem.sks */; };
/* End PBXBuildFile section */

/* Begin PBXFileReference section */
		2AEE9160225FA275004ACB86 /* SKScene.swift */ = {isa = PBXFileReference; lastKnownFileType = sourcecode.swift; path = SKScene.swift; sourceTree = "<group>"; };
		2AF58823225D0DE200F4ED32 /* ticTacToe_Dodson.app */ = {isa = PBXFileReference; explicitFileType = wrapper.application; includeInIndex = 0; path = ticTacToe_Dodson.app; sourceTree = BUILT_PRODUCTS_DIR; };
		2AF58826225D0DE200F4ED32 /* AppDelegate.swift */ = {isa = PBXFileReference; lastKnownFileType = sourcecode.swift; path = AppDelegate.swift; sourceTree = "<group>"; };
		2AF58828225D0DE200F4ED32 /* ViewController.swift */ = {isa = PBXFileReference; lastKnownFileType = sourcecode.swift; path = ViewController.swift; sourceTree = "<group>"; };
		2AF5882B225D0DE200F4ED32 /* Base */ = {isa = PBXFileReference; lastKnownFileType = file.storyboard; name = Base; path = Base.lproj/Main.storyboard; sourceTree = "<group>"; };
		2AF5882E225D0DE200F4ED32 /* ticTacToe_Dodson.xcdatamodel */ = {isa = PBXFileReference; lastKnownFileType = wrapper.xcdatamodel; path = ticTacToe_Dodson.xcdatamodel; sourceTree = "<group>"; };
		2AF58830225D0DE200F4ED32 /* Assets.xcassets */ = {isa = PBXFileReference; lastKnownFileType = folder.assetcatalog; path = Assets.xcassets; sourceTree = "<group>"; };
		2AF58833225D0DE200F4ED32 /* Base */ = {isa = PBXFileReference; lastKnownFileType = file.storyboard; name = Base; path = Base.lproj/LaunchScreen.storyboard; sourceTree = "<group>"; };
		2AF58835225D0DE200F4ED32 /* Info.plist */ = {isa = PBXFileReference; lastKnownFileType = text.plist.xml; path = Info.plist; sourceTree = "<group>"; };
		2AF5883B225D4A2E00F4ED32 /* Gem.sks */ = {isa = PBXFileReference; lastKnownFileType = file.sks; path = Gem.sks; sourceTree = "<group>"; };
/* End PBXFileReference section */

/* Begin PBXFrameworksBuildPhase section */
		2AF58820225D0DE100F4ED32 /* Frameworks */ = {
			isa = PBXFrameworksBuildPhase;
			buildActionMask = 2147483647;
			files = (
			);
			runOnlyForDeploymentPostprocessing = 0;
		};
/* End PBXFrameworksBuildPhase section */

/* Begin PBXGroup section */
		2AF5881A225D0DE100F4ED32 = {
			isa = PBXGroup;
			children = (
				2AF58825225D0DE200F4ED32 /* ticTacToe_Dodson */,
				2AF58824225D0DE200F4ED32 /* Products */,
			);
			sourceTree = "<group>";
		};
		2AF58824225D0DE200F4ED32 /* Products */ = {
			isa = PBXGroup;
			children = (
				2AF58823225D0DE200F4ED32 /* ticTacToe_Dodson.app */,
			);
			name = Products;
			sourceTree = "<group>";
		};
		2AF58825225D0DE200F4ED32 /* ticTacToe_Dodson */ = {
			isa = PBXGroup;
			children = (
				2AF58826225D0DE200F4ED32 /* AppDelegate.swift */,
				2AF58828225D0DE200F4ED32 /* ViewController.swift */,
				2AF5882A225D0DE200F4ED32 /* Main.storyboard */,
				2AF58830225D0DE200F4ED32 /* Assets.xcassets */,
				2AF58832225D0DE200F4ED32 /* LaunchScreen.storyboard */,
				2AF58835225D0DE200F4ED32 /* Info.plist */,
				2AF5882D225D0DE200F4ED32 /* ticTacToe_Dodson.xcdatamodeld */,
				2AF5883B225D4A2E00F4ED32 /* Gem.sks */,
				2AEE9160225FA275004ACB86 /* SKScene.swift */,
			);
			path = ticTacToe_Dodson;
			sourceTree = "<group>";
		};
/* End PBXGroup section */

/* Begin PBXNativeTarget section */
		2AF58822225D0DE100F4ED32 /* ticTacToe_Dodson */ = {
			isa = PBXNativeTarget;
			buildConfigurationList = 2AF58838225D0DE200F4ED32 /* Build configuration list for PBXNativeTarget "ticTacToe_Dodson" */;
			buildPhases = (
				2AF5881F225D0DE100F4ED32 /* Sources */,
				2AF58820225D0DE100F4ED32 /* Frameworks */,
				2AF58821225D0DE100F4ED32 /* Resources */,
			);
			buildRules = (
			);
			dependencies = (
			);
			name = ticTacToe_Dodson;
			productName = ticTacToe_Dodson;
			productReference = 2AF58823225D0DE200F4ED32 /* ticTacToe_Dodson.app */;
			productType = "com.apple.product-type.application";
		};
/* End PBXNativeTarget section */

/* Begin PBXProject section */
		2AF5881B225D0DE100F4ED32 /* Project object */ = {
			isa = PBXProject;
			attributes = {
				LastSwiftUpdateCheck = 1010;
				LastUpgradeCheck = 1010;
				ORGANIZATIONNAME = "Daniel Dodson";
				TargetAttributes = {
					2AF58822225D0DE100F4ED32 = {
						CreatedOnToolsVersion = 10.1;
					};
				};
			};
			buildConfigurationList = 2AF5881E225D0DE100F4ED32 /* Build configuration list for PBXProject "ticTacToe_Dodson" */;
			compatibilityVersion = "Xcode 9.3";
			developmentRegion = en;
			hasScannedForEncodings = 0;
			knownRegions = (
				en,
				Base,
			);
			mainGroup = 2AF5881A225D0DE100F4ED32;
			productRefGroup = 2AF58824225D0DE200F4ED32 /* Products */;
			projectDirPath = "";
			projectRoot = "";
			targets = (
				2AF58822225D0DE100F4ED32 /* ticTacToe_Dodson */,
			);
		};
/* End PBXProject section */

/* Begin PBXResourcesBuildPhase section */
		2AF58821225D0DE100F4ED32 /* Resources */ = {
			isa = PBXResourcesBuildPhase;
			buildActionMask = 2147483647;
			files = (
				2AF58834225D0DE200F4ED32 /* LaunchScreen.storyboard in Resources */,
				2AF58831225D0DE200F4ED32 /* Assets.xcassets in Resources */,
				2AF5882C225D0DE200F4ED32 /* Main.storyboard in Resources */,
				2AF5883C225D4A2E00F4ED32 /* Gem.sks in Resources */,
			);
			runOnlyForDeploymentPostprocessing = 0;
		};
/* End PBXResourcesBuildPhase section */

/* Begin PBXSourcesBuildPhase section */
		2AF5881F225D0DE100F4ED32 /* Sources */ = {
			isa = PBXSourcesBuildPhase;
			buildActionMask = 2147483647;
			files = (
				2AEE9161225FA275004ACB86 /* SKScene.swift in Sources */,
				2AF58829225D0DE200F4ED32 /* ViewController.swift in Sources */,
				2AF5882F225D0DE200F4ED32 /* ticTacToe_Dodson.xcdatamodeld in Sources */,
				2AF58827225D0DE200F4ED32 /* AppDelegate.swift in Sources */,
			);
			runOnlyForDeploymentPostprocessing = 0;
		};
/* End PBXSourcesBuildPhase section */

/* Begin PBXVariantGroup section */
		2AF5882A225D0DE200F4ED32 /* Main.storyboard */ = {
			isa = PBXVariantGroup;
			children = (
				2AF5882B225D0DE200F4ED32 /* Base */,
			);
			name = Main.storyboard;
			sourceTree = "<group>";
		};
		2AF58832225D0DE200F4ED32 /* LaunchScreen.storyboard */ = {
			isa = PBXVariantGroup;
			children = (
				2AF58833225D0DE200F4ED32 /* Base */,
			);
			name = LaunchScreen.storyboard;
			sourceTree = "<group>";
		};
/* End PBXVariantGroup section */

/* Begin XCBuildConfiguration section */
		2AF58836225D0DE200F4ED32 /* Debug */ = {
			isa = XCBuildConfiguration;
			buildSettings = {
				ALWAYS_SEARCH_USER_PATHS = NO;
				CLANG_ANALYZER_NONNULL = YES;
				CLANG_ANALYZER_NUMBER_OBJECT_CONVERSION = YES_AGGRESSIVE;
				CLANG_CXX_LANGUAGE_STANDARD = "gnu++14";
				CLANG_CXX_LIBRARY = "libc++";
				CLANG_ENABLE_MODULES = YES;
				CLANG_ENABLE_OBJC_ARC = YES;
				CLANG_ENABLE_OBJC_WEAK = YES;
				CLANG_WARN_BLOCK_CAPTURE_AUTORELEASING = YES;
				CLANG_WARN_BOOL_CONVERSION = YES;
				CLANG_WARN_COMMA = YES;
				CLANG_WARN_CONSTANT_CONVERSION = YES;
				CLANG_WARN_DEPRECATED_OBJC_IMPLEMENTATIONS = YES;
				CLANG_WARN_DIRECT_OBJC_ISA_USAGE = YES_ERROR;
				CLANG_WARN_DOCUMENTATION_COMMENTS = YES;
				CLANG_WARN_EMPTY_BODY = YES;
				CLANG_WARN_ENUM_CONVERSION = YES;
				CLANG_WARN_INFINITE_RECURSION = YES;
				CLANG_WARN_INT_CONVERSION = YES;
				CLANG_WARN_NON_LITERAL_NULL_CONVERSION = YES;
				CLANG_WARN_OBJC_IMPLICIT_RETAIN_SELF = YES;
				CLANG_WARN_OBJC_LITERAL_CONVERSION = YES;
				CLANG_WARN_OBJC_ROOT_CLASS = YES_ERROR;
				CLANG_WARN_RANGE_LOOP_ANALYSIS = YES;
				CLANG_WARN_STRICT_PROTOTYPES = YES;
				CLANG_WARN_SUSPICIOUS_MOVE = YES;
				CLANG_WARN_UNGUARDED_AVAILABILITY = YES_AGGRESSIVE;
				CLANG_WARN_UNREACHABLE_CODE = YES;
				CLANG_WARN__DUPLICATE_METHOD_MATCH = YES;
				CODE_SIGN_IDENTITY = "iPhone Developer";
				COPY_PHASE_STRIP = NO;
				DEBUG_INFORMATION_FORMAT = dwarf;
				ENABLE_STRICT_OBJC_MSGSEND = YES;
				ENABLE_TESTABILITY = YES;
				GCC_C_LANGUAGE_STANDARD = gnu11;
				GCC_DYNAMIC_NO_PIC = NO;
				GCC_NO_COMMON_BLOCKS = YES;
				GCC_OPTIMIZATION_LEVEL = 0;
				GCC_PREPROCESSOR_DEFINITIONS = (
					"DEBUG=1",
					"$(inherited)",
				);
				GCC_WARN_64_TO_32_BIT_CONVERSION = YES;
				GCC_WARN_ABOUT_RETURN_TYPE = YES_ERROR;
				GCC_WARN_UNDECLARED_SELECTOR = YES;
				GCC_WARN_UNINITIALIZED_AUTOS = YES_AGGRESSIVE;
				GCC_WARN_UNUSED_FUNCTION = YES;
				GCC_WARN_UNUSED_VARIABLE = YES;
				IPHONEOS_DEPLOYMENT_TARGET = 12.1;
				MTL_ENABLE_DEBUG_INFO = INCLUDE_SOURCE;
				MTL_FAST_MATH = YES;
				ONLY_ACTIVE_ARCH = YES;
				SDKROOT = iphoneos;
				SWIFT_ACTIVE_COMPILATION_CONDITIONS = DEBUG;
				SWIFT_OPTIMIZATION_LEVEL = "-Onone";
			};
			name = Debug;
		};
		2AF58837225D0DE200F4ED32 /* Release */ = {
			isa = XCBuildConfiguration;
			buildSettings = {
				ALWAYS_SEARCH_USER_PATHS = NO;
				CLANG_ANALYZER_NONNULL = YES;
				CLANG_ANALYZER_NUMBER_OBJECT_CONVERSION = YES_AGGRESSIVE;
				CLANG_CXX_LANGUAGE_STANDARD = "gnu++14";
				CLANG_CXX_LIBRARY = "libc++";
				CLANG_ENABLE_MODULES = YES;
				CLANG_ENABLE_OBJC_ARC = YES;
				CLANG_ENABLE_OBJC_WEAK = YES;
				CLANG_WARN_BLOCK_CAPTURE_AUTORELEASING = YES;
				CLANG_WARN_BOOL_CONVERSION = YES;
				CLANG_WARN_COMMA = YES;
				CLANG_WARN_CONSTANT_CONVERSION = YES;
				CLANG_WARN_DEPRECATED_OBJC_IMPLEMENTATIONS = YES;
				CLANG_WARN_DIRECT_OBJC_ISA_USAGE = YES_ERROR;
				CLANG_WARN_DOCUMENTATION_COMMENTS = YES;
				CLANG_WARN_EMPTY_BODY = YES;
				CLANG_WARN_ENUM_CONVERSION = YES;
				CLANG_WARN_INFINITE_RECURSION = YES;
				CLANG_WARN_INT_CONVERSION = YES;
				CLANG_WARN_NON_LITERAL_NULL_CONVERSION = YES;
				CLANG_WARN_OBJC_IMPLICIT_RETAIN_SELF = YES;
				CLANG_WARN_OBJC_LITERAL_CONVERSION = YES;
				CLANG_WARN_OBJC_ROOT_CLASS = YES_ERROR;
				CLANG_WARN_RANGE_LOOP_ANALYSIS = YES;
				CLANG_WARN_STRICT_PROTOTYPES = YES;
				CLANG_WARN_SUSPICIOUS_MOVE = YES;
				CLANG_WARN_UNGUARDED_AVAILABILITY = YES_AGGRESSIVE;
				CLANG_WARN_UNREACHABLE_CODE = YES;
				CLANG_WARN__DUPLICATE_METHOD_MATCH = YES;
				CODE_SIGN_IDENTITY = "iPhone Developer";
				COPY_PHASE_STRIP = NO;
				DEBUG_INFORMATION_FORMAT = "dwarf-with-dsym";
				ENABLE_NS_ASSERTIONS = NO;
				ENABLE_STRICT_OBJC_MSGSEND = YES;
				GCC_C_LANGUAGE_STANDARD = gnu11;
				GCC_NO_COMMON_BLOCKS = YES;
				GCC_WARN_64_TO_32_BIT_CONVERSION = YES;
				GCC_WARN_ABOUT_RETURN_TYPE = YES_ERROR;
				GCC_WARN_UNDECLARED_SELECTOR = YES;
				GCC_WARN_UNINITIALIZED_AUTOS = YES_AGGRESSIVE;
				GCC_WARN_UNUSED_FUNCTION = YES;
				GCC_WARN_UNUSED_VARIABLE = YES;
				IPHONEOS_DEPLOYMENT_TARGET = 12.1;
				MTL_ENABLE_DEBUG_INFO = NO;
				MTL_FAST_MATH = YES;
				SDKROOT = iphoneos;
				SWIFT_COMPILATION_MODE = wholemodule;
				SWIFT_OPTIMIZATION_LEVEL = "-O";
				VALIDATE_PRODUCT = YES;
			};
			name = Release;
		};
		2AF58839225D0DE200F4ED32 /* Debug */ = {
			isa = XCBuildConfiguration;
			buildSettings = {
				ASSETCATALOG_COMPILER_APPICON_NAME = AppIcon;
				CODE_SIGN_STYLE = Automatic;
				DEVELOPMENT_TEAM = RPT494X4F7;
				INFOPLIST_FILE = ticTacToe_Dodson/Info.plist;
				LD_RUNPATH_SEARCH_PATHS = (
					"$(inherited)",
					"@executable_path/Frameworks",
				);
				PRODUCT_BUNDLE_IDENTIFIER = "dodsondl.ticTacToe-Dodson";
				PRODUCT_NAME = "$(TARGET_NAME)";
				SWIFT_VERSION = 4.2;
				TARGETED_DEVICE_FAMILY = "1,2";
			};
			name = Debug;
		};
		2AF5883A225D0DE200F4ED32 /* Release */ = {
			isa = XCBuildConfiguration;
			buildSettings = {
				ASSETCATALOG_COMPILER_APPICON_NAME = AppIcon;
				CODE_SIGN_STYLE = Automatic;
				DEVELOPMENT_TEAM = RPT494X4F7;
				INFOPLIST_FILE = ticTacToe_Dodson/Info.plist;
				LD_RUNPATH_SEARCH_PATHS = (
					"$(inherited)",
					"@executable_path/Frameworks",
				);
				PRODUCT_BUNDLE_IDENTIFIER = "dodsondl.ticTacToe-Dodson";
				PRODUCT_NAME = "$(TARGET_NAME)";
				SWIFT_VERSION = 4.2;
				TARGETED_DEVICE_FAMILY = "1,2";
			};
			name = Release;
		};
/* End XCBuildConfiguration section */

/* Begin XCConfigurationList section */
		2AF5881E225D0DE100F4ED32 /* Build configuration list for PBXProject "ticTacToe_Dodson" */ = {
			isa = XCConfigurationList;
			buildConfigurations = (
				2AF58836225D0DE200F4ED32 /* Debug */,
				2AF58837225D0DE200F4ED32 /* Release */,
			);
			defaultConfigurationIsVisible = 0;
			defaultConfigurationName = Release;
		};
		2AF58838225D0DE200F4ED32 /* Build configuration list for PBXNativeTarget "ticTacToe_Dodson" */ = {
			isa = XCConfigurationList;
			buildConfigurations = (
				2AF58839225D0DE200F4ED32 /* Debug */,
				2AF5883A225D0DE200F4ED32 /* Release */,
			);
			defaultConfigurationIsVisible = 0;
			defaultConfigurationName = Release;
		};
/* End XCConfigurationList section */

/* Begin XCVersionGroup section */
		2AF5882D225D0DE200F4ED32 /* ticTacToe_Dodson.xcdatamodeld */ = {
			isa = XCVersionGroup;
			children = (
				2AF5882E225D0DE200F4ED32 /* ticTacToe_Dodson.xcdatamodel */,
			);
			currentVersion = 2AF5882E225D0DE200F4ED32 /* ticTacToe_Dodson.xcdatamodel */;
			path = ticTacToe_Dodson.xcdatamodeld;
			sourceTree = "<group>";
			versionGroupType = wrapper.xcdatamodel;
		};
/* End XCVersionGroup section */
	};
	rootObject = 2AF5881B225D0DE100F4ED32 /* Project object */;
}
